<Solution>
  <Project Path="WeatherAPI.Applicatioin/WeatherAPI.Applicatioin.csproj" Id="ead05631-1b44-42ef-89a2-c1a8189f3896" />
  <Project Path="WeatherAPI.Domain/WeatherAPI.Domain.csproj" />
  <Project Path="WeatherAPI.Infrastructure/WeatherAPI.Infrastructure.csproj" />
  <Project Path="WeatherAPI/WeatherAPI.csproj" />
</Solution>
